Microsoft Visual Studio Solution File, Format Version 12.00
# Visual Studio Version 17
VisualStudioVersion = 17.5.2.0
MinimumVisualStudioVersion = 10.0.40219.1
Project("{2150E333-8FDC-42A3-9474-1A3956D46DE8}") = "AvaloniaTask3", "AvaloniaTask3", "{39D8540E-6B22-2AB5-A012-23069B16E6BB}"
EndProject
Project("{FAE04EC0-301F-11D3-BF4B-00C04F79EFBC}") = "StoreApp", "AvaloniaTask3\Store-main\StoreApp.csproj", "{3BE93A99-A0A0-A275-04CF-202D32E2C994}"
EndProject
Global
	GlobalSection(SolutionConfigurationPlatforms) = preSolution
		Debug|Any CPU = Debug|Any CPU
		Release|Any CPU = Release|Any CPU
	EndGlobalSection
	GlobalSection(ProjectConfigurationPlatforms) = postSolution
		{3BE93A99-A0A0-A275-04CF-202D32E2C994}.Debug|Any CPU.ActiveCfg = Debug|Any CPU
		{3BE93A99-A0A0-A275-04CF-202D32E2C994}.Debug|Any CPU.Build.0 = Debug|Any CPU
		{3BE93A99-A0A0-A275-04CF-202D32E2C994}.Release|Any CPU.ActiveCfg = Release|Any CPU
		{3BE93A99-A0A0-A275-04CF-202D32E2C994}.Release|Any CPU.Build.0 = Release|Any CPU
	EndGlobalSection
	GlobalSection(SolutionProperties) = preSolution
		HideSolutionNode = FALSE
	EndGlobalSection
	GlobalSection(NestedProjects) = preSolution
		{3BE93A99-A0A0-A275-04CF-202D32E2C994} = {39D8540E-6B22-2AB5-A012-23069B16E6BB}
	EndGlobalSection
	GlobalSection(ExtensibilityGlobals) = postSolution
		SolutionGuid = {BCF6312C-7334-4A8F-AF64-0F82A06FF936}
	EndGlobalSection
EndGlobal
